{
  "requires": true,
  "lockfileVersion": 1,
  "dependencies": {
    "lib-garrido2019": {
      "version": "1.0.9",
      "resolved": "https://registry.npmjs.org/lib-garrido2019/-/lib-garrido2019-1.0.9.tgz",
      "integrity": "sha512-og6AjkyWkTdA6dZLqiFhEOLfjuPBv8OzbzU1oqyOQyVYjZvUNG9na6ggF9R7EPvkHRlDXtdee8QPLHixdpz5Gg=="
    }
  }
}
