{
  "name": "proyecto-advance",
  "version": "1.0.0",
  "lockfileVersion": 1,
  "requires": true,
  "dependencies": {
    "libreria-deber": {
      "version": "3.0.5",
      "resolved": "https://registry.npmjs.org/libreria-deber/-/libreria-deber-3.0.5.tgz",
      "integrity": "sha512-LjY8dtjCNKIG/OzovnTTRBlvRfex0tBasB0mvPXD0yAvH5MXIYa9RMSFKXQSIzgaAaqBAK8AiE8Qw3EA06nCtg=="
    }
  }
}
