{
  "name": "proyecto-advance",
  "version": "1.0.0",
  "lockfileVersion": 1,
  "requires": true,
  "dependencies": {
    "libreria-deber": {
      "version": "1.0.0",
      "resolved": "https://registry.npmjs.org/libreria-deber/-/libreria-deber-1.0.0.tgz",
      "integrity": "sha512-91vGOepP8sTCJSQ4cC7qxuQxh0tkMUJFAOUkHl1bL1OrjayN/xI9UkcW7wHat1VC9Q/WOB4Lum1KdNyTjbYidA=="
    }
  }
}
