{
  "name": "proyecto",
  "version": "1.0.0",
  "lockfileVersion": 1,
  "requires": true,
  "dependencies": {
    "lib-garrido2019": {
      "version": "1.1.5",
      "resolved": "https://registry.npmjs.org/lib-garrido2019/-/lib-garrido2019-1.1.5.tgz",
      "integrity": "sha512-+PucgNnCJsiaClUBGigAwTjYTHAfxooIsPyRmtQXUvmnRuYMY/KCB34TbaB0VHd6jFvYgLrFVo1XXsmuDBnVHA=="
    }
  }
}
